
Microsoft Visual Studio Solution File, Format Version 12.00
# Visual Studio 15
VisualStudioVersion = 15.0.27004.2002
MinimumVisualStudioVersion = 10.0.40219.1
Project("{9A19103F-16F7-4668-BE54-9A1E7A4F7556}") = "Vehicles", "Vehicles\Vehicles.csproj", "{C9DAAACB-AF6F-4C45-BB35-58E3A9F86B81}"
EndProject
Project("{9A19103F-16F7-4668-BE54-9A1E7A4F7556}") = "VehiclesExtension", "VehiclesExtension\VehiclesExtension.csproj", "{DD6E8DAA-64B6-407B-AC3F-7CFB68132C54}"
EndProject
Project("{FAE04EC0-301F-11D3-BF4B-00C04F79EFBC}") = "WildFarm", "WildFarm\WildFarm.csproj", "{5DA4D935-A16C-4252-B6C8-21F00ADD3164}"
EndProject
Global
	GlobalSection(SolutionConfigurationPlatforms) = preSolution
		Debug|Any CPU = Debug|Any CPU
		Release|Any CPU = Release|Any CPU
	EndGlobalSection
	GlobalSection(ProjectConfigurationPlatforms) = postSolution
		{C9DAAACB-AF6F-4C45-BB35-58E3A9F86B81}.Debug|Any CPU.ActiveCfg = Debug|Any CPU
		{C9DAAACB-AF6F-4C45-BB35-58E3A9F86B81}.Debug|Any CPU.Build.0 = Debug|Any CPU
		{C9DAAACB-AF6F-4C45-BB35-58E3A9F86B81}.Release|Any CPU.ActiveCfg = Release|Any CPU
		{C9DAAACB-AF6F-4C45-BB35-58E3A9F86B81}.Release|Any CPU.Build.0 = Release|Any CPU
		{DD6E8DAA-64B6-407B-AC3F-7CFB68132C54}.Debug|Any CPU.ActiveCfg = Debug|Any CPU
		{DD6E8DAA-64B6-407B-AC3F-7CFB68132C54}.Debug|Any CPU.Build.0 = Debug|Any CPU
		{DD6E8DAA-64B6-407B-AC3F-7CFB68132C54}.Release|Any CPU.ActiveCfg = Release|Any CPU
		{DD6E8DAA-64B6-407B-AC3F-7CFB68132C54}.Release|Any CPU.Build.0 = Release|Any CPU
		{5DA4D935-A16C-4252-B6C8-21F00ADD3164}.Debug|Any CPU.ActiveCfg = Debug|Any CPU
		{5DA4D935-A16C-4252-B6C8-21F00ADD3164}.Debug|Any CPU.Build.0 = Debug|Any CPU
		{5DA4D935-A16C-4252-B6C8-21F00ADD3164}.Release|Any CPU.ActiveCfg = Release|Any CPU
		{5DA4D935-A16C-4252-B6C8-21F00ADD3164}.Release|Any CPU.Build.0 = Release|Any CPU
	EndGlobalSection
	GlobalSection(SolutionProperties) = preSolution
		HideSolutionNode = FALSE
	EndGlobalSection
	GlobalSection(ExtensibilityGlobals) = postSolution
		SolutionGuid = {BBD7AA11-6EAE-4BE7-93FB-0B4283E019C8}
	EndGlobalSection
EndGlobal
