
Microsoft Visual Studio Solution File, Format Version 12.00
# Visual Studio 15
VisualStudioVersion = 15.0.27004.2002
MinimumVisualStudioVersion = 10.0.40219.1
Project("{9A19103F-16F7-4668-BE54-9A1E7A4F7556}") = "DungeonsAndCodeWizards", "HereWeGo\DungeonsAndCodeWizards.csproj", "{481D431A-A355-481A-8FAA-1B24C3D8E9B6}"
EndProject
Global
	GlobalSection(SolutionConfigurationPlatforms) = preSolution
		Debug|Any CPU = Debug|Any CPU
		Release|Any CPU = Release|Any CPU
	EndGlobalSection
	GlobalSection(ProjectConfigurationPlatforms) = postSolution
		{481D431A-A355-481A-8FAA-1B24C3D8E9B6}.Debug|Any CPU.ActiveCfg = Debug|Any CPU
		{481D431A-A355-481A-8FAA-1B24C3D8E9B6}.Debug|Any CPU.Build.0 = Debug|Any CPU
		{481D431A-A355-481A-8FAA-1B24C3D8E9B6}.Release|Any CPU.ActiveCfg = Release|Any CPU
		{481D431A-A355-481A-8FAA-1B24C3D8E9B6}.Release|Any CPU.Build.0 = Release|Any CPU
	EndGlobalSection
	GlobalSection(SolutionProperties) = preSolution
		HideSolutionNode = FALSE
	EndGlobalSection
	GlobalSection(ExtensibilityGlobals) = postSolution
		SolutionGuid = {F0E9117B-0A0E-49E1-AF1F-0AA265AC7A08}
	EndGlobalSection
EndGlobal
