
Microsoft Visual Studio Solution File, Format Version 12.00
# Visual Studio 15
VisualStudioVersion = 15.0.27004.2002
MinimumVisualStudioVersion = 10.0.40219.1
Project("{FAE04EC0-301F-11D3-BF4B-00C04F79EFBC}") = "Person", "Person\Person.csproj", "{AF2887F6-1F7C-4CE9-B97F-7896661A548A}"
EndProject
Project("{FAE04EC0-301F-11D3-BF4B-00C04F79EFBC}") = "BookShop", "BookShop\BookShop.csproj", "{FD746E83-D49D-4CCC-B206-8AB57F53B5C6}"
EndProject
Project("{FAE04EC0-301F-11D3-BF4B-00C04F79EFBC}") = "Mankind", "Mankind\Mankind.csproj", "{5C7A7D50-4BE9-4EC9-BE3E-0CB28C8E5CF8}"
EndProject
Project("{FAE04EC0-301F-11D3-BF4B-00C04F79EFBC}") = "OnlineRadioDatabase", "OnlineRadioDatabase\OnlineRadioDatabase.csproj", "{48327CB8-A764-4BC5-857D-D5633878678C}"
EndProject
Project("{FAE04EC0-301F-11D3-BF4B-00C04F79EFBC}") = "MordorsCruelPlan", "MordorsCruelPlan\MordorsCruelPlan.csproj", "{07BC3110-136E-4F70-8FD2-C71C49284C01}"
EndProject
Project("{FAE04EC0-301F-11D3-BF4B-00C04F79EFBC}") = "MordorsCruelPlan(WHY_LIKE_THIS)", "MordorsCruelPlan(WHY_LIKE_THIS)\MordorsCruelPlan(WHY_LIKE_THIS).csproj", "{3ED64198-384F-4319-A3EB-8D663C85E861}"
EndProject
Project("{FAE04EC0-301F-11D3-BF4B-00C04F79EFBC}") = "Animals", "Animals\Animals.csproj", "{5F3FA392-285E-49A3-A059-D9E734D34038}"
EndProject
Global
	GlobalSection(SolutionConfigurationPlatforms) = preSolution
		Debug|Any CPU = Debug|Any CPU
		Release|Any CPU = Release|Any CPU
	EndGlobalSection
	GlobalSection(ProjectConfigurationPlatforms) = postSolution
		{AF2887F6-1F7C-4CE9-B97F-7896661A548A}.Debug|Any CPU.ActiveCfg = Debug|Any CPU
		{AF2887F6-1F7C-4CE9-B97F-7896661A548A}.Debug|Any CPU.Build.0 = Debug|Any CPU
		{AF2887F6-1F7C-4CE9-B97F-7896661A548A}.Release|Any CPU.ActiveCfg = Release|Any CPU
		{AF2887F6-1F7C-4CE9-B97F-7896661A548A}.Release|Any CPU.Build.0 = Release|Any CPU
		{FD746E83-D49D-4CCC-B206-8AB57F53B5C6}.Debug|Any CPU.ActiveCfg = Debug|Any CPU
		{FD746E83-D49D-4CCC-B206-8AB57F53B5C6}.Debug|Any CPU.Build.0 = Debug|Any CPU
		{FD746E83-D49D-4CCC-B206-8AB57F53B5C6}.Release|Any CPU.ActiveCfg = Release|Any CPU
		{FD746E83-D49D-4CCC-B206-8AB57F53B5C6}.Release|Any CPU.Build.0 = Release|Any CPU
		{5C7A7D50-4BE9-4EC9-BE3E-0CB28C8E5CF8}.Debug|Any CPU.ActiveCfg = Debug|Any CPU
		{5C7A7D50-4BE9-4EC9-BE3E-0CB28C8E5CF8}.Debug|Any CPU.Build.0 = Debug|Any CPU
		{5C7A7D50-4BE9-4EC9-BE3E-0CB28C8E5CF8}.Release|Any CPU.ActiveCfg = Release|Any CPU
		{5C7A7D50-4BE9-4EC9-BE3E-0CB28C8E5CF8}.Release|Any CPU.Build.0 = Release|Any CPU
		{48327CB8-A764-4BC5-857D-D5633878678C}.Debug|Any CPU.ActiveCfg = Debug|Any CPU
		{48327CB8-A764-4BC5-857D-D5633878678C}.Debug|Any CPU.Build.0 = Debug|Any CPU
		{48327CB8-A764-4BC5-857D-D5633878678C}.Release|Any CPU.ActiveCfg = Release|Any CPU
		{48327CB8-A764-4BC5-857D-D5633878678C}.Release|Any CPU.Build.0 = Release|Any CPU
		{07BC3110-136E-4F70-8FD2-C71C49284C01}.Debug|Any CPU.ActiveCfg = Debug|Any CPU
		{07BC3110-136E-4F70-8FD2-C71C49284C01}.Debug|Any CPU.Build.0 = Debug|Any CPU
		{07BC3110-136E-4F70-8FD2-C71C49284C01}.Release|Any CPU.ActiveCfg = Release|Any CPU
		{07BC3110-136E-4F70-8FD2-C71C49284C01}.Release|Any CPU.Build.0 = Release|Any CPU
		{3ED64198-384F-4319-A3EB-8D663C85E861}.Debug|Any CPU.ActiveCfg = Debug|Any CPU
		{3ED64198-384F-4319-A3EB-8D663C85E861}.Debug|Any CPU.Build.0 = Debug|Any CPU
		{3ED64198-384F-4319-A3EB-8D663C85E861}.Release|Any CPU.ActiveCfg = Release|Any CPU
		{3ED64198-384F-4319-A3EB-8D663C85E861}.Release|Any CPU.Build.0 = Release|Any CPU
		{5F3FA392-285E-49A3-A059-D9E734D34038}.Debug|Any CPU.ActiveCfg = Debug|Any CPU
		{5F3FA392-285E-49A3-A059-D9E734D34038}.Debug|Any CPU.Build.0 = Debug|Any CPU
		{5F3FA392-285E-49A3-A059-D9E734D34038}.Release|Any CPU.ActiveCfg = Release|Any CPU
		{5F3FA392-285E-49A3-A059-D9E734D34038}.Release|Any CPU.Build.0 = Release|Any CPU
	EndGlobalSection
	GlobalSection(SolutionProperties) = preSolution
		HideSolutionNode = FALSE
	EndGlobalSection
	GlobalSection(ExtensibilityGlobals) = postSolution
		SolutionGuid = {7C7BD32C-5320-48FE-BCB8-0E8396AF6A1C}
	EndGlobalSection
EndGlobal
