
Microsoft Visual Studio Solution File, Format Version 12.00
# Visual Studio 15
VisualStudioVersion = 15.0.27004.2002
MinimumVisualStudioVersion = 10.0.40219.1
Project("{FAE04EC0-301F-11D3-BF4B-00C04F79EFBC}") = "RhombusOfStars", "RhombusOfStars\RhombusOfStars.csproj", "{9DAC3E06-DAC3-4602-9424-39C47A766B6C}"
EndProject
Project("{FAE04EC0-301F-11D3-BF4B-00C04F79EFBC}") = "PointInRectangle", "PointInRectangle\PointInRectangle.csproj", "{63C2F52E-259C-4F2E-ACB6-E16B73FFF29E}"
EndProject
Project("{FAE04EC0-301F-11D3-BF4B-00C04F79EFBC}") = "StudentSystem", "StudentSystem\StudentSystem.csproj", "{929252D4-B8FF-462F-9AE1-92B42A426DEF}"
EndProject
Project("{FAE04EC0-301F-11D3-BF4B-00C04F79EFBC}") = "HotelReservation", "HotelReservation\HotelReservation.csproj", "{6A9985E0-9570-4A3E-A0D4-148D0C43504F}"
EndProject
Global
	GlobalSection(SolutionConfigurationPlatforms) = preSolution
		Debug|Any CPU = Debug|Any CPU
		Release|Any CPU = Release|Any CPU
	EndGlobalSection
	GlobalSection(ProjectConfigurationPlatforms) = postSolution
		{9DAC3E06-DAC3-4602-9424-39C47A766B6C}.Debug|Any CPU.ActiveCfg = Debug|Any CPU
		{9DAC3E06-DAC3-4602-9424-39C47A766B6C}.Debug|Any CPU.Build.0 = Debug|Any CPU
		{9DAC3E06-DAC3-4602-9424-39C47A766B6C}.Release|Any CPU.ActiveCfg = Release|Any CPU
		{9DAC3E06-DAC3-4602-9424-39C47A766B6C}.Release|Any CPU.Build.0 = Release|Any CPU
		{63C2F52E-259C-4F2E-ACB6-E16B73FFF29E}.Debug|Any CPU.ActiveCfg = Debug|Any CPU
		{63C2F52E-259C-4F2E-ACB6-E16B73FFF29E}.Debug|Any CPU.Build.0 = Debug|Any CPU
		{63C2F52E-259C-4F2E-ACB6-E16B73FFF29E}.Release|Any CPU.ActiveCfg = Release|Any CPU
		{63C2F52E-259C-4F2E-ACB6-E16B73FFF29E}.Release|Any CPU.Build.0 = Release|Any CPU
		{929252D4-B8FF-462F-9AE1-92B42A426DEF}.Debug|Any CPU.ActiveCfg = Debug|Any CPU
		{929252D4-B8FF-462F-9AE1-92B42A426DEF}.Debug|Any CPU.Build.0 = Debug|Any CPU
		{929252D4-B8FF-462F-9AE1-92B42A426DEF}.Release|Any CPU.ActiveCfg = Release|Any CPU
		{929252D4-B8FF-462F-9AE1-92B42A426DEF}.Release|Any CPU.Build.0 = Release|Any CPU
		{6A9985E0-9570-4A3E-A0D4-148D0C43504F}.Debug|Any CPU.ActiveCfg = Debug|Any CPU
		{6A9985E0-9570-4A3E-A0D4-148D0C43504F}.Debug|Any CPU.Build.0 = Debug|Any CPU
		{6A9985E0-9570-4A3E-A0D4-148D0C43504F}.Release|Any CPU.ActiveCfg = Release|Any CPU
		{6A9985E0-9570-4A3E-A0D4-148D0C43504F}.Release|Any CPU.Build.0 = Release|Any CPU
	EndGlobalSection
	GlobalSection(SolutionProperties) = preSolution
		HideSolutionNode = FALSE
	EndGlobalSection
	GlobalSection(ExtensibilityGlobals) = postSolution
		SolutionGuid = {01BE1947-1F04-4763-8D7B-20D9502B04A9}
	EndGlobalSection
EndGlobal
