
Microsoft Visual Studio Solution File, Format Version 12.00
# Visual Studio 15
VisualStudioVersion = 15.0.27004.2002
MinimumVisualStudioVersion = 10.0.40219.1
Project("{FAE04EC0-301F-11D3-BF4B-00C04F79EFBC}") = "Shapes", "Shapes\Shapes.csproj", "{6B75DCDE-C98F-403A-B874-66955FB9C680}"
EndProject
Project("{FAE04EC0-301F-11D3-BF4B-00C04F79EFBC}") = "Cars", "Cars\Cars.csproj", "{49F5EF0C-A8E7-4496-A811-9977CB5D066A}"
EndProject
Global
	GlobalSection(SolutionConfigurationPlatforms) = preSolution
		Debug|Any CPU = Debug|Any CPU
		Release|Any CPU = Release|Any CPU
	EndGlobalSection
	GlobalSection(ProjectConfigurationPlatforms) = postSolution
		{6B75DCDE-C98F-403A-B874-66955FB9C680}.Debug|Any CPU.ActiveCfg = Debug|Any CPU
		{6B75DCDE-C98F-403A-B874-66955FB9C680}.Debug|Any CPU.Build.0 = Debug|Any CPU
		{6B75DCDE-C98F-403A-B874-66955FB9C680}.Release|Any CPU.ActiveCfg = Release|Any CPU
		{6B75DCDE-C98F-403A-B874-66955FB9C680}.Release|Any CPU.Build.0 = Release|Any CPU
		{49F5EF0C-A8E7-4496-A811-9977CB5D066A}.Debug|Any CPU.ActiveCfg = Debug|Any CPU
		{49F5EF0C-A8E7-4496-A811-9977CB5D066A}.Debug|Any CPU.Build.0 = Debug|Any CPU
		{49F5EF0C-A8E7-4496-A811-9977CB5D066A}.Release|Any CPU.ActiveCfg = Release|Any CPU
		{49F5EF0C-A8E7-4496-A811-9977CB5D066A}.Release|Any CPU.Build.0 = Release|Any CPU
	EndGlobalSection
	GlobalSection(SolutionProperties) = preSolution
		HideSolutionNode = FALSE
	EndGlobalSection
	GlobalSection(ExtensibilityGlobals) = postSolution
		SolutionGuid = {14F34675-36C5-4C73-96BA-B7DC514F219E}
	EndGlobalSection
EndGlobal
