
Microsoft Visual Studio Solution File, Format Version 12.00
# Visual Studio 15
VisualStudioVersion = 15.0.27004.2002
MinimumVisualStudioVersion = 10.0.40219.1
Project("{FAE04EC0-301F-11D3-BF4B-00C04F79EFBC}") = "SortPersonsByNameAndAge", "SortPersonsByNameAndAge\SortPersonsByNameAndAge.csproj", "{104B2510-8CAF-4327-901D-3E4FDD374E93}"
EndProject
Project("{FAE04EC0-301F-11D3-BF4B-00C04F79EFBC}") = "Validation", "Validation\Validation.csproj", "{F796B9D1-25E1-429D-8D0C-2A53F8BDE607}"
EndProject
Project("{FAE04EC0-301F-11D3-BF4B-00C04F79EFBC}") = "Team", "Team\Team.csproj", "{9D6DC2C1-4BBD-4565-B7A0-DC1C1EDD7541}"
EndProject
Global
	GlobalSection(SolutionConfigurationPlatforms) = preSolution
		Debug|Any CPU = Debug|Any CPU
		Release|Any CPU = Release|Any CPU
	EndGlobalSection
	GlobalSection(ProjectConfigurationPlatforms) = postSolution
		{104B2510-8CAF-4327-901D-3E4FDD374E93}.Debug|Any CPU.ActiveCfg = Debug|Any CPU
		{104B2510-8CAF-4327-901D-3E4FDD374E93}.Debug|Any CPU.Build.0 = Debug|Any CPU
		{104B2510-8CAF-4327-901D-3E4FDD374E93}.Release|Any CPU.ActiveCfg = Release|Any CPU
		{104B2510-8CAF-4327-901D-3E4FDD374E93}.Release|Any CPU.Build.0 = Release|Any CPU
		{F796B9D1-25E1-429D-8D0C-2A53F8BDE607}.Debug|Any CPU.ActiveCfg = Debug|Any CPU
		{F796B9D1-25E1-429D-8D0C-2A53F8BDE607}.Debug|Any CPU.Build.0 = Debug|Any CPU
		{F796B9D1-25E1-429D-8D0C-2A53F8BDE607}.Release|Any CPU.ActiveCfg = Release|Any CPU
		{F796B9D1-25E1-429D-8D0C-2A53F8BDE607}.Release|Any CPU.Build.0 = Release|Any CPU
		{9D6DC2C1-4BBD-4565-B7A0-DC1C1EDD7541}.Debug|Any CPU.ActiveCfg = Debug|Any CPU
		{9D6DC2C1-4BBD-4565-B7A0-DC1C1EDD7541}.Debug|Any CPU.Build.0 = Debug|Any CPU
		{9D6DC2C1-4BBD-4565-B7A0-DC1C1EDD7541}.Release|Any CPU.ActiveCfg = Release|Any CPU
		{9D6DC2C1-4BBD-4565-B7A0-DC1C1EDD7541}.Release|Any CPU.Build.0 = Release|Any CPU
	EndGlobalSection
	GlobalSection(SolutionProperties) = preSolution
		HideSolutionNode = FALSE
	EndGlobalSection
	GlobalSection(ExtensibilityGlobals) = postSolution
		SolutionGuid = {F63D0CF4-5A4C-4D9B-8019-7767358053DB}
	EndGlobalSection
EndGlobal
